schema: '2.0'
stages:
  download_datasets:
    cmd: uv run python -m src.dataset
    params:
      config/data/amzn.yaml:
        dataset_name: snap/amazon-fine-food-reviews
      config/data/sent140.yaml:
        dataset_name: kazanova/sentiment140
    outs:
    - path: data/raw
      hash: md5
      md5: 8644b753637def768f307c49f912aa76.dir
      size: 539708505
      nfiles: 2
  preprocess:
    cmd: uv run python -m src.preprocessor
    deps:
    - path: data/raw/Reviews.csv
      hash: md5
      md5: c3c950ae0be8b0736477c89d052d33fd
      size: 300904694
    - path: data/raw/training.1600000.processed.noemoticon.csv
      hash: md5
      md5: df952449d6f9b5f9fdfe3fc53ddef7ca
      size: 238803811
    - path: src/preprocessor.py
      hash: md5
      md5: b88e9f2f46045003286a402f60b007e2
      size: 2557
    outs:
    - path: data/processed/reviews.parquet
      hash: md5
      md5: 210f285be2fb5af393ef1cd2c511dd4c
      size: 288899090
    - path: data/processed/reviews_test.parquet
      hash: md5
      md5: bb32a1ef86bfe9f4adcf936058040710
      size: 61091673
    - path: data/processed/reviews_train.parquet
      hash: md5
      md5: 4dece810e15cbf3bea882aa9d6809036
      size: 243362685
  build_index:
    cmd: uv run python -m src.pipelines.build_index model=bm25
    deps:
    - path: data/processed/reviews.parquet
      hash: md5
      md5: 210f285be2fb5af393ef1cd2c511dd4c
      size: 288899090
    - path: src/pipelines/build_index.py
      hash: md5
      md5: a917338f99a4a0037a3eb0930946485a
      size: 2306
    params:
      config/model/bm25.yaml:
        b: 0.75
        k1: 1.5
    outs:
    - path: models/bm25_index.pkl
      hash: md5
      md5: c9517850f6adf6ab590cd1af8dc0da71
      size: 344563916
    - path: reports/metrics.json
      hash: md5
      md5: e37118c119d9e846482996192e1780ee
      size: 61
  evaluate:
    cmd: uv run python -m src.pipelines.evaluate
    deps:
    - path: models/bm25_index.pkl
      hash: md5
      md5: c9517850f6adf6ab590cd1af8dc0da71
      size: 344563916
  train_bert:
    cmd: uv run python -m src.modeling.train model=bert
    deps:
    - path: data/processed/reviews_train.parquet
      hash: md5
      md5: 4dece810e15cbf3bea882aa9d6809036
      size: 243362685
    - path: src/modeling/train.py
      hash: md5
      md5: df7c7dce36710965e611f486658f79f0
      size: 9210
    params:
      config/model/bert.yaml:
        batch_size: 128
        epochs: 3
        learning_rate: 2e-05
        max_length: 128
        model_name: distilbert-base-uncased
        num_labels: 2
        sample_size: 50000
        train_split: 0.9
    outs:
    - path: models/bert-sentiment
      hash: md5
      md5: c7c5f5dd8ed80d542fa4ddca6b0db147.dir
      size: 268545244
      nfiles: 4
  evaluate_bert:
    cmd: uv run python -m src.pipelines.evaluate model=bert
    deps:
    - path: data/processed/reviews_test.parquet
      hash: md5
      md5: bb32a1ef86bfe9f4adcf936058040710
      size: 61091673
    - path: models/bert-sentiment
      hash: md5
      md5: c7c5f5dd8ed80d542fa4ddca6b0db147.dir
      size: 268545244
      nfiles: 4
    - path: src/pipelines/evaluate.py
      hash: md5
      md5: c8e34b3a8eacc1f7ca1d890182ce1811
      size: 7907
    params:
      config/model/bert.yaml:
        batch_size: 128
        epochs: 3
        learning_rate: 2e-05
        max_length: 128
        model_name: distilbert-base-uncased
        num_labels: 2
        sample_size: 50000
        train_split: 0.9
    outs:
    - path: reports/bert/metrics_bert.json
      hash: md5
      md5: 2ca163a8a3d1efe0e70baf87ba532581
      size: 895
